
Microsoft Visual Studio Solution File, Format Version 12.00
# Visual Studio 2013
VisualStudioVersion = 12.0.40629.0
MinimumVisualStudioVersion = 10.0.40219.1
Project("{E24C65DC-7377-472B-9ABA-BC803B73C61A}") = "DemoWebsite", "http://localhost:56392", "{84E3B157-C444-4232-B064-78697547EE64}"
	ProjectSection(WebsiteProperties) = preProject
		UseIISExpress = "true"
		TargetFrameworkMoniker = ".NETFramework,Version%3Dv4.5"
		ProjectReferences = "{f68298d7-a019-4c54-a179-c2d3249d1aef}|BlogSystem.dll;"
		Debug.AspNetCompiler.VirtualPath = "/localhost_56392"
		Debug.AspNetCompiler.PhysicalPath = "DemoWebsite\"
		Debug.AspNetCompiler.TargetPath = "PrecompiledWeb\localhost_56392\"
		Debug.AspNetCompiler.Updateable = "true"
		Debug.AspNetCompiler.ForceOverwrite = "true"
		Debug.AspNetCompiler.FixedNames = "false"
		Debug.AspNetCompiler.Debug = "True"
		Release.AspNetCompiler.VirtualPath = "/localhost_56392"
		Release.AspNetCompiler.PhysicalPath = "DemoWebsite\"
		Release.AspNetCompiler.TargetPath = "PrecompiledWeb\localhost_56392\"
		Release.AspNetCompiler.Updateable = "true"
		Release.AspNetCompiler.ForceOverwrite = "true"
		Release.AspNetCompiler.FixedNames = "false"
		Release.AspNetCompiler.Debug = "False"
		SlnRelativePath = "DemoWebsite\"
		DefaultWebSiteLanguage = "Visual C#"
	EndProjectSection
EndProject
Project("{FAE04EC0-301F-11D3-BF4B-00C04F79EFBC}") = "BlogSystem", "BlogSystem\BlogSystem.csproj", "{F68298D7-A019-4C54-A179-C2D3249D1AEF}"
EndProject
Global
	GlobalSection(SolutionConfigurationPlatforms) = preSolution
		Debug|Any CPU = Debug|Any CPU
		Release|Any CPU = Release|Any CPU
	EndGlobalSection
	GlobalSection(ProjectConfigurationPlatforms) = postSolution
		{84E3B157-C444-4232-B064-78697547EE64}.Debug|Any CPU.ActiveCfg = Debug|Any CPU
		{84E3B157-C444-4232-B064-78697547EE64}.Debug|Any CPU.Build.0 = Debug|Any CPU
		{84E3B157-C444-4232-B064-78697547EE64}.Release|Any CPU.ActiveCfg = Debug|Any CPU
		{84E3B157-C444-4232-B064-78697547EE64}.Release|Any CPU.Build.0 = Debug|Any CPU
		{F68298D7-A019-4C54-A179-C2D3249D1AEF}.Debug|Any CPU.ActiveCfg = Debug|Any CPU
		{F68298D7-A019-4C54-A179-C2D3249D1AEF}.Debug|Any CPU.Build.0 = Debug|Any CPU
		{F68298D7-A019-4C54-A179-C2D3249D1AEF}.Release|Any CPU.ActiveCfg = Release|Any CPU
		{F68298D7-A019-4C54-A179-C2D3249D1AEF}.Release|Any CPU.Build.0 = Release|Any CPU
	EndGlobalSection
	GlobalSection(SolutionProperties) = preSolution
		HideSolutionNode = FALSE
	EndGlobalSection
EndGlobal
